
Microsoft Visual Studio Solution File, Format Version 12.00
# Visual Studio Version 17
VisualStudioVersion = 17.11.35222.181
MinimumVisualStudioVersion = 10.0.40219.1
Project("{9A19103F-16F7-4668-BE54-9A1E7A4F7556}") = "MyFirstApp", "MyFirstApp.csproj", "{7BC655B2-A5E2-49FE-A61A-66485CBA55B1}"
EndProject
Global
	GlobalSection(SolutionConfigurationPlatforms) = preSolution
		Debug|Any CPU = Debug|Any CPU
		Release|Any CPU = Release|Any CPU
	EndGlobalSection
	GlobalSection(ProjectConfigurationPlatforms) = postSolution
		{7BC655B2-A5E2-49FE-A61A-66485CBA55B1}.Debug|Any CPU.ActiveCfg = Debug|Any CPU
		{7BC655B2-A5E2-49FE-A61A-66485CBA55B1}.Debug|Any CPU.Build.0 = Debug|Any CPU
		{7BC655B2-A5E2-49FE-A61A-66485CBA55B1}.Release|Any CPU.ActiveCfg = Release|Any CPU
		{7BC655B2-A5E2-49FE-A61A-66485CBA55B1}.Release|Any CPU.Build.0 = Release|Any CPU
	EndGlobalSection
	GlobalSection(SolutionProperties) = preSolution
		HideSolutionNode = FALSE
	EndGlobalSection
	GlobalSection(ExtensibilityGlobals) = postSolution
		SolutionGuid = {F022B03C-D659-4B58-96F5-966EB17DFC9A}
	EndGlobalSection
EndGlobal
